// !$*UTF8*$!
{
	archiveVersion = 1;
	classes = {
	};
	objectVersion = 46;
	objects = {

/* Begin PBXBuildFile section */
		F5526A67194A8BF800FC5CAB /* AFHTTPRequestOperation.m in Sources */ = {isa = PBXBuildFile; fileRef = F5526A55194A8BF800FC5CAB /* AFHTTPRequestOperation.m */; };
		F5526A68194A8BF800FC5CAB /* AFHTTPRequestOperationManager.m in Sources */ = {isa = PBXBuildFile; fileRef = F5526A57194A8BF800FC5CAB /* AFHTTPRequestOperationManager.m */; };
		F5526A69194A8BF800FC5CAB /* AFHTTPSessionManager.m in Sources */ = {isa = PBXBuildFile; fileRef = F5526A59194A8BF800FC5CAB /* AFHTTPSessionManager.m */; };
		F5526A6A194A8BF800FC5CAB /* AFNetworkReachabilityManager.m in Sources */ = {isa = PBXBuildFile; fileRef = F5526A5C194A8BF800FC5CAB /* AFNetworkReachabilityManager.m */; };
		F5526A6B194A8BF800FC5CAB /* AFSecurityPolicy.m in Sources */ = {isa = PBXBuildFile; fileRef = F5526A5E194A8BF800FC5CAB /* AFSecurityPolicy.m */; };
		F5526A6C194A8BF800FC5CAB /* AFURLConnectionOperation.m in Sources */ = {isa = PBXBuildFile; fileRef = F5526A60194A8BF800FC5CAB /* AFURLConnectionOperation.m */; };
		F5526A6D194A8BF800FC5CAB /* AFURLRequestSerialization.m in Sources */ = {isa = PBXBuildFile; fileRef = F5526A62194A8BF800FC5CAB /* AFURLRequestSerialization.m */; };
		F5526A6E194A8BF800FC5CAB /* AFURLResponseSerialization.m in Sources */ = {isa = PBXBuildFile; fileRef = F5526A64194A8BF800FC5CAB /* AFURLResponseSerialization.m */; };
		F5526A6F194A8BF800FC5CAB /* AFURLSessionManager.m in Sources */ = {isa = PBXBuildFile; fileRef = F5526A66194A8BF800FC5CAB /* AFURLSessionManager.m */; };
		F5A02AC219492B1900C15672 /* Foundation.framework in Frameworks */ = {isa = PBXBuildFile; fileRef = F5A02AC119492B1900C15672 /* Foundation.framework */; };
		F5A02AC419492B1900C15672 /* CoreGraphics.framework in Frameworks */ = {isa = PBXBuildFile; fileRef = F5A02AC319492B1900C15672 /* CoreGraphics.framework */; };
		F5A02AC619492B1900C15672 /* UIKit.framework in Frameworks */ = {isa = PBXBuildFile; fileRef = F5A02AC519492B1900C15672 /* UIKit.framework */; };
		F5A02AC819492B1900C15672 /* SpriteKit.framework in Frameworks */ = {isa = PBXBuildFile; fileRef = F5A02AC719492B1900C15672 /* SpriteKit.framework */; };
		F5A02ACE19492B1900C15672 /* InfoPlist.strings in Resources */ = {isa = PBXBuildFile; fileRef = F5A02ACC19492B1900C15672 /* InfoPlist.strings */; };
		F5A02AD019492B1900C15672 /* main.m in Sources */ = {isa = PBXBuildFile; fileRef = F5A02ACF19492B1900C15672 /* main.m */; };
		F5A02AD419492B1900C15672 /* AppDelegate.m in Sources */ = {isa = PBXBuildFile; fileRef = F5A02AD319492B1900C15672 /* AppDelegate.m */; };
		F5A02AD719492B1900C15672 /* Main.storyboard in Resources */ = {isa = PBXBuildFile; fileRef = F5A02AD519492B1900C15672 /* Main.storyboard */; };
		F5A02ADA19492B1900C15672 /* ViewController.m in Sources */ = {isa = PBXBuildFile; fileRef = F5A02AD919492B1900C15672 /* ViewController.m */; };
		F5A02ADD19492B1900C15672 /* MyScene.m in Sources */ = {isa = PBXBuildFile; fileRef = F5A02ADC19492B1900C15672 /* MyScene.m */; };
		F5A02ADF19492B1900C15672 /* Spaceship.png in Resources */ = {isa = PBXBuildFile; fileRef = F5A02ADE19492B1900C15672 /* Spaceship.png */; };
		F5A02AE119492B1900C15672 /* Images.xcassets in Resources */ = {isa = PBXBuildFile; fileRef = F5A02AE019492B1900C15672 /* Images.xcassets */; };
		F5A02AE819492B1900C15672 /* XCTest.framework in Frameworks */ = {isa = PBXBuildFile; fileRef = F5A02AE719492B1900C15672 /* XCTest.framework */; };
		F5A02AE919492B1900C15672 /* Foundation.framework in Frameworks */ = {isa = PBXBuildFile; fileRef = F5A02AC119492B1900C15672 /* Foundation.framework */; };
		F5A02AEA19492B1900C15672 /* UIKit.framework in Frameworks */ = {isa = PBXBuildFile; fileRef = F5A02AC519492B1900C15672 /* UIKit.framework */; };
		F5A02AF219492B1900C15672 /* InfoPlist.strings in Resources */ = {isa = PBXBuildFile; fileRef = F5A02AF019492B1900C15672 /* InfoPlist.strings */; };
		F5A02AF419492B1900C15672 /* testspritekitTests.m in Sources */ = {isa = PBXBuildFile; fileRef = F5A02AF319492B1900C15672 /* testspritekitTests.m */; };
		F5A02AFE19492FC700C15672 /* 1402551946_128.png in Resources */ = {isa = PBXBuildFile; fileRef = F5A02AFD19492FC700C15672 /* 1402551946_128.png */; };
		F5A02B001949385100C15672 /* Italy-scenery-valley-mountains-sky-clouds_640x1136_iPhone_5_wallpaper.jpg in Resources */ = {isa = PBXBuildFile; fileRef = F5A02AFF1949385100C15672 /* Italy-scenery-valley-mountains-sky-clouds_640x1136_iPhone_5_wallpaper.jpg */; };
		F5A02B02194943C600C15672 /* 빛방울.png in Resources */ = {isa = PBXBuildFile; fileRef = F5A02B01194943C600C15672 /* 빛방울.png */; };
		F5A02B0419494AAF00C15672 /* 날씨bg.png in Resources */ = {isa = PBXBuildFile; fileRef = F5A02B0319494AAF00C15672 /* 날씨bg.png */; };
		F5A02B07194965D600C15672 /* MyScene2.m in Sources */ = {isa = PBXBuildFile; fileRef = F5A02B06194965D600C15672 /* MyScene2.m */; };
		F5A02B091949724D00C15672 /* 날씨_오브젝트.png in Resources */ = {isa = PBXBuildFile; fileRef = F5A02B081949724D00C15672 /* 날씨_오브젝트.png */; };
		F5DBA497194A8D07007C249E /* AFAPIClient.m in Sources */ = {isa = PBXBuildFile; fileRef = F5DBA496194A8D07007C249E /* AFAPIClient.m */; };
		F5DBA499194A9D6D007C249E /* CoreLocation.framework in Frameworks */ = {isa = PBXBuildFile; fileRef = F5DBA498194A9D6D007C249E /* CoreLocation.framework */; };
		F5DBA49B194AC800007C249E /* 날씨우중충bg.png in Resources */ = {isa = PBXBuildFile; fileRef = F5DBA49A194AC800007C249E /* 날씨우중충bg.png */; };
		F5DBA49D194AE148007C249E /* 1402662920_519816-30_Cloud_Rain.png in Resources */ = {isa = PBXBuildFile; fileRef = F5DBA49C194AE148007C249E /* 1402662920_519816-30_Cloud_Rain.png */; };
/* End PBXBuildFile section */

/* Begin PBXContainerItemProxy section */
		F5A02AEB19492B1900C15672 /* PBXContainerItemProxy */ = {
			isa = PBXContainerItemProxy;
			containerPortal = F5A02AB619492B1900C15672 /* Project object */;
			proxyType = 1;
			remoteGlobalIDString = F5A02ABD19492B1900C15672;
			remoteInfo = testspritekit;
		};
/* End PBXContainerItemProxy section */

/* Begin PBXFileReference section */
		F5526A54194A8BF800FC5CAB /* AFHTTPRequestOperation.h */ = {isa = PBXFileReference; fileEncoding = 4; lastKnownFileType = sourcecode.c.h; path = AFHTTPRequestOperation.h; sourceTree = "<group>"; };
		F5526A55194A8BF800FC5CAB /* AFHTTPRequestOperation.m */ = {isa = PBXFileReference; fileEncoding = 4; lastKnownFileType = sourcecode.c.objc; path = AFHTTPRequestOperation.m; sourceTree = "<group>"; };
		F5526A56194A8BF800FC5CAB /* AFHTTPRequestOperationManager.h */ = {isa = PBXFileReference; fileEncoding = 4; lastKnownFileType = sourcecode.c.h; path = AFHTTPRequestOperationManager.h; sourceTree = "<group>"; };
		F5526A57194A8BF800FC5CAB /* AFHTTPRequestOperationManager.m */ = {isa = PBXFileReference; fileEncoding = 4; lastKnownFileType = sourcecode.c.objc; path = AFHTTPRequestOperationManager.m; sourceTree = "<group>"; };
		F5526A58194A8BF800FC5CAB /* AFHTTPSessionManager.h */ = {isa = PBXFileReference; fileEncoding = 4; lastKnownFileType = sourcecode.c.h; path = AFHTTPSessionManager.h; sourceTree = "<group>"; };
		F5526A59194A8BF800FC5CAB /* AFHTTPSessionManager.m */ = {isa = PBXFileReference; fileEncoding = 4; lastKnownFileType = sourcecode.c.objc; path = AFHTTPSessionManager.m; sourceTree = "<group>"; };
		F5526A5A194A8BF800FC5CAB /* AFNetworking.h */ = {isa = PBXFileReference; fileEncoding = 4; lastKnownFileType = sourcecode.c.h; path = AFNetworking.h; sourceTree = "<group>"; };
		F5526A5B194A8BF800FC5CAB /* AFNetworkReachabilityManager.h */ = {isa = PBXFileReference; fileEncoding = 4; lastKnownFileType = sourcecode.c.h; path = AFNetworkReachabilityManager.h; sourceTree = "<group>"; };
		F5526A5C194A8BF800FC5CAB /* AFNetworkReachabilityManager.m */ = {isa = PBXFileReference; fileEncoding = 4; lastKnownFileType = sourcecode.c.objc; path = AFNetworkReachabilityManager.m; sourceTree = "<group>"; };
		F5526A5D194A8BF800FC5CAB /* AFSecurityPolicy.h */ = {isa = PBXFileReference; fileEncoding = 4; lastKnownFileType = sourcecode.c.h; path = AFSecurityPolicy.h; sourceTree = "<group>"; };
		F5526A5E194A8BF800FC5CAB /* AFSecurityPolicy.m */ = {isa = PBXFileReference; fileEncoding = 4; lastKnownFileType = sourcecode.c.objc; path = AFSecurityPolicy.m; sourceTree = "<group>"; };
		F5526A5F194A8BF800FC5CAB /* AFURLConnectionOperation.h */ = {isa = PBXFileReference; fileEncoding = 4; lastKnownFileType = sourcecode.c.h; path = AFURLConnectionOperation.h; sourceTree = "<group>"; };
		F5526A60194A8BF800FC5CAB /* AFURLConnectionOperation.m */ = {isa = PBXFileReference; fileEncoding = 4; lastKnownFileType = sourcecode.c.objc; path = AFURLConnectionOperation.m; sourceTree = "<group>"; };
		F5526A61194A8BF800FC5CAB /* AFURLRequestSerialization.h */ = {isa = PBXFileReference; fileEncoding = 4; lastKnownFileType = sourcecode.c.h; path = AFURLRequestSerialization.h; sourceTree = "<group>"; };
		F5526A62194A8BF800FC5CAB /* AFURLRequestSerialization.m */ = {isa = PBXFileReference; fileEncoding = 4; lastKnownFileType = sourcecode.c.objc; path = AFURLRequestSerialization.m; sourceTree = "<group>"; };
		F5526A63194A8BF800FC5CAB /* AFURLResponseSerialization.h */ = {isa = PBXFileReference; fileEncoding = 4; lastKnownFileType = sourcecode.c.h; path = AFURLResponseSerialization.h; sourceTree = "<group>"; };
		F5526A64194A8BF800FC5CAB /* AFURLResponseSerialization.m */ = {isa = PBXFileReference; fileEncoding = 4; lastKnownFileType = sourcecode.c.objc; path = AFURLResponseSerialization.m; sourceTree = "<group>"; };
		F5526A65194A8BF800FC5CAB /* AFURLSessionManager.h */ = {isa = PBXFileReference; fileEncoding = 4; lastKnownFileType = sourcecode.c.h; path = AFURLSessionManager.h; sourceTree = "<group>"; };
		F5526A66194A8BF800FC5CAB /* AFURLSessionManager.m */ = {isa = PBXFileReference; fileEncoding = 4; lastKnownFileType = sourcecode.c.objc; path = AFURLSessionManager.m; sourceTree = "<group>"; };
		F5A02ABE19492B1900C15672 /* testspritekit.app */ = {isa = PBXFileReference; explicitFileType = wrapper.application; includeInIndex = 0; path = testspritekit.app; sourceTree = BUILT_PRODUCTS_DIR; };
		F5A02AC119492B1900C15672 /* Foundation.framework */ = {isa = PBXFileReference; lastKnownFileType = wrapper.framework; name = Foundation.framework; path = System/Library/Frameworks/Foundation.framework; sourceTree = SDKROOT; };
		F5A02AC319492B1900C15672 /* CoreGraphics.framework */ = {isa = PBXFileReference; lastKnownFileType = wrapper.framework; name = CoreGraphics.framework; path = System/Library/Frameworks/CoreGraphics.framework; sourceTree = SDKROOT; };
		F5A02AC519492B1900C15672 /* UIKit.framework */ = {isa = PBXFileReference; lastKnownFileType = wrapper.framework; name = UIKit.framework; path = System/Library/Frameworks/UIKit.framework; sourceTree = SDKROOT; };
		F5A02AC719492B1900C15672 /* SpriteKit.framework */ = {isa = PBXFileReference; lastKnownFileType = wrapper.framework; name = SpriteKit.framework; path = System/Library/Frameworks/SpriteKit.framework; sourceTree = SDKROOT; };
		F5A02ACB19492B1900C15672 /* testspritekit-Info.plist */ = {isa = PBXFileReference; lastKnownFileType = text.plist.xml; path = "testspritekit-Info.plist"; sourceTree = "<group>"; };
		F5A02ACD19492B1900C15672 /* en */ = {isa = PBXFileReference; lastKnownFileType = text.plist.strings; name = en; path = en.lproj/InfoPlist.strings; sourceTree = "<group>"; };
		F5A02ACF19492B1900C15672 /* main.m */ = {isa = PBXFileReference; lastKnownFileType = sourcecode.c.objc; path = main.m; sourceTree = "<group>"; };
		F5A02AD119492B1900C15672 /* testspritekit-Prefix.pch */ = {isa = PBXFileReference; lastKnownFileType = sourcecode.c.h; path = "testspritekit-Prefix.pch"; sourceTree = "<group>"; };
		F5A02AD219492B1900C15672 /* AppDelegate.h */ = {isa = PBXFileReference; lastKnownFileType = sourcecode.c.h; path = AppDelegate.h; sourceTree = "<group>"; };
		F5A02AD319492B1900C15672 /* AppDelegate.m */ = {isa = PBXFileReference; lastKnownFileType = sourcecode.c.objc; path = AppDelegate.m; sourceTree = "<group>"; };
		F5A02AD619492B1900C15672 /* Base */ = {isa = PBXFileReference; lastKnownFileType = file.storyboard; name = Base; path = Base.lproj/Main.storyboard; sourceTree = "<group>"; };
		F5A02AD819492B1900C15672 /* ViewController.h */ = {isa = PBXFileReference; lastKnownFileType = sourcecode.c.h; path = ViewController.h; sourceTree = "<group>"; };
		F5A02AD919492B1900C15672 /* ViewController.m */ = {isa = PBXFileReference; lastKnownFileType = sourcecode.c.objc; path = ViewController.m; sourceTree = "<group>"; };
		F5A02ADB19492B1900C15672 /* MyScene.h */ = {isa = PBXFileReference; lastKnownFileType = sourcecode.c.h; path = MyScene.h; sourceTree = "<group>"; };
		F5A02ADC19492B1900C15672 /* MyScene.m */ = {isa = PBXFileReference; lastKnownFileType = sourcecode.c.objc; path = MyScene.m; sourceTree = "<group>"; };
		F5A02ADE19492B1900C15672 /* Spaceship.png */ = {isa = PBXFileReference; lastKnownFileType = image.png; path = Spaceship.png; sourceTree = "<group>"; };
		F5A02AE019492B1900C15672 /* Images.xcassets */ = {isa = PBXFileReference; lastKnownFileType = folder.assetcatalog; path = Images.xcassets; sourceTree = "<group>"; };
		F5A02AE619492B1900C15672 /* testspritekitTests.xctest */ = {isa = PBXFileReference; explicitFileType = wrapper.cfbundle; includeInIndex = 0; path = testspritekitTests.xctest; sourceTree = BUILT_PRODUCTS_DIR; };
		F5A02AE719492B1900C15672 /* XCTest.framework */ = {isa = PBXFileReference; lastKnownFileType = wrapper.framework; name = XCTest.framework; path = Library/Frameworks/XCTest.framework; sourceTree = DEVELOPER_DIR; };
		F5A02AEF19492B1900C15672 /* testspritekitTests-Info.plist */ = {isa = PBXFileReference; lastKnownFileType = text.plist.xml; path = "testspritekitTests-Info.plist"; sourceTree = "<group>"; };
		F5A02AF119492B1900C15672 /* en */ = {isa = PBXFileReference; lastKnownFileType = text.plist.strings; name = en; path = en.lproj/InfoPlist.strings; sourceTree = "<group>"; };
		F5A02AF319492B1900C15672 /* testspritekitTests.m */ = {isa = PBXFileReference; lastKnownFileType = sourcecode.c.objc; path = testspritekitTests.m; sourceTree = "<group>"; };
		F5A02AFD19492FC700C15672 /* 1402551946_128.png */ = {isa = PBXFileReference; lastKnownFileType = image.png; path = 1402551946_128.png; sourceTree = "<group>"; };
		F5A02AFF1949385100C15672 /* Italy-scenery-valley-mountains-sky-clouds_640x1136_iPhone_5_wallpaper.jpg */ = {isa = PBXFileReference; lastKnownFileType = image.jpeg; path = "Italy-scenery-valley-mountains-sky-clouds_640x1136_iPhone_5_wallpaper.jpg"; sourceTree = "<group>"; };
		F5A02B01194943C600C15672 /* 빛방울.png */ = {isa = PBXFileReference; lastKnownFileType = image.png; path = "빛방울.png"; sourceTree = "<group>"; };
		F5A02B0319494AAF00C15672 /* 날씨bg.png */ = {isa = PBXFileReference; lastKnownFileType = image.png; path = "날씨bg.png"; sourceTree = "<group>"; };
		F5A02B05194965D600C15672 /* MyScene2.h */ = {isa = PBXFileReference; fileEncoding = 4; lastKnownFileType = sourcecode.c.h; path = MyScene2.h; sourceTree = "<group>"; };
		F5A02B06194965D600C15672 /* MyScene2.m */ = {isa = PBXFileReference; fileEncoding = 4; lastKnownFileType = sourcecode.c.objc; path = MyScene2.m; sourceTree = "<group>"; };
		F5A02B081949724D00C15672 /* 날씨_오브젝트.png */ = {isa = PBXFileReference; lastKnownFileType = image.png; path = "날씨_오브젝트.png"; sourceTree = "<group>"; };
		F5DBA495194A8D07007C249E /* AFAPIClient.h */ = {isa = PBXFileReference; fileEncoding = 4; lastKnownFileType = sourcecode.c.h; path = AFAPIClient.h; sourceTree = "<group>"; };
		F5DBA496194A8D07007C249E /* AFAPIClient.m */ = {isa = PBXFileReference; fileEncoding = 4; lastKnownFileType = sourcecode.c.objc; path = AFAPIClient.m; sourceTree = "<group>"; };
		F5DBA498194A9D6D007C249E /* CoreLocation.framework */ = {isa = PBXFileReference; lastKnownFileType = wrapper.framework; name = CoreLocation.framework; path = System/Library/Frameworks/CoreLocation.framework; sourceTree = SDKROOT; };
		F5DBA49A194AC800007C249E /* 날씨우중충bg.png */ = {isa = PBXFileReference; lastKnownFileType = image.png; path = "날씨우중충bg.png"; sourceTree = "<group>"; };
		F5DBA49C194AE148007C249E /* 1402662920_519816-30_Cloud_Rain.png */ = {isa = PBXFileReference; lastKnownFileType = image.png; path = "1402662920_519816-30_Cloud_Rain.png"; sourceTree = "<group>"; };
/* End PBXFileReference section */

/* Begin PBXFrameworksBuildPhase section */
		F5A02ABB19492B1900C15672 /* Frameworks */ = {
			isa = PBXFrameworksBuildPhase;
			buildActionMask = 2147483647;
			files = (
				F5DBA499194A9D6D007C249E /* CoreLocation.framework in Frameworks */,
				F5A02AC419492B1900C15672 /* CoreGraphics.framework in Frameworks */,
				F5A02AC619492B1900C15672 /* UIKit.framework in Frameworks */,
				F5A02AC819492B1900C15672 /* SpriteKit.framework in Frameworks */,
				F5A02AC219492B1900C15672 /* Foundation.framework in Frameworks */,
			);
			runOnlyForDeploymentPostprocessing = 0;
		};
		F5A02AE319492B1900C15672 /* Frameworks */ = {
			isa = PBXFrameworksBuildPhase;
			buildActionMask = 2147483647;
			files = (
				F5A02AE819492B1900C15672 /* XCTest.framework in Frameworks */,
				F5A02AEA19492B1900C15672 /* UIKit.framework in Frameworks */,
				F5A02AE919492B1900C15672 /* Foundation.framework in Frameworks */,
			);
			runOnlyForDeploymentPostprocessing = 0;
		};
/* End PBXFrameworksBuildPhase section */

/* Begin PBXGroup section */
		F5526A51194A8BF800FC5CAB /* Resource */ = {
			isa = PBXGroup;
			children = (
				F5DBA493194A8D07007C249E /* Convenience */,
				F5526A52194A8BF800FC5CAB /* FrameWork */,
			);
			path = Resource;
			sourceTree = "<group>";
		};
		F5526A52194A8BF800FC5CAB /* FrameWork */ = {
			isa = PBXGroup;
			children = (
				F5526A53194A8BF800FC5CAB /* AFNetworking */,
			);
			path = FrameWork;
			sourceTree = "<group>";
		};
		F5526A53194A8BF800FC5CAB /* AFNetworking */ = {
			isa = PBXGroup;
			children = (
				F5526A54194A8BF800FC5CAB /* AFHTTPRequestOperation.h */,
				F5526A55194A8BF800FC5CAB /* AFHTTPRequestOperation.m */,
				F5526A56194A8BF800FC5CAB /* AFHTTPRequestOperationManager.h */,
				F5526A57194A8BF800FC5CAB /* AFHTTPRequestOperationManager.m */,
				F5526A58194A8BF800FC5CAB /* AFHTTPSessionManager.h */,
				F5526A59194A8BF800FC5CAB /* AFHTTPSessionManager.m */,
				F5526A5A194A8BF800FC5CAB /* AFNetworking.h */,
				F5526A5B194A8BF800FC5CAB /* AFNetworkReachabilityManager.h */,
				F5526A5C194A8BF800FC5CAB /* AFNetworkReachabilityManager.m */,
				F5526A5D194A8BF800FC5CAB /* AFSecurityPolicy.h */,
				F5526A5E194A8BF800FC5CAB /* AFSecurityPolicy.m */,
				F5526A5F194A8BF800FC5CAB /* AFURLConnectionOperation.h */,
				F5526A60194A8BF800FC5CAB /* AFURLConnectionOperation.m */,
				F5526A61194A8BF800FC5CAB /* AFURLRequestSerialization.h */,
				F5526A62194A8BF800FC5CAB /* AFURLRequestSerialization.m */,
				F5526A63194A8BF800FC5CAB /* AFURLResponseSerialization.h */,
				F5526A64194A8BF800FC5CAB /* AFURLResponseSerialization.m */,
				F5526A65194A8BF800FC5CAB /* AFURLSessionManager.h */,
				F5526A66194A8BF800FC5CAB /* AFURLSessionManager.m */,
			);
			path = AFNetworking;
			sourceTree = "<group>";
		};
		F5A02AB519492B1900C15672 = {
			isa = PBXGroup;
			children = (
				F5526A51194A8BF800FC5CAB /* Resource */,
				F5A02AC919492B1900C15672 /* testspritekit */,
				F5A02AED19492B1900C15672 /* testspritekitTests */,
				F5A02AC019492B1900C15672 /* Frameworks */,
				F5A02ABF19492B1900C15672 /* Products */,
			);
			sourceTree = "<group>";
		};
		F5A02ABF19492B1900C15672 /* Products */ = {
			isa = PBXGroup;
			children = (
				F5A02ABE19492B1900C15672 /* testspritekit.app */,
				F5A02AE619492B1900C15672 /* testspritekitTests.xctest */,
			);
			name = Products;
			sourceTree = "<group>";
		};
		F5A02AC019492B1900C15672 /* Frameworks */ = {
			isa = PBXGroup;
			children = (
				F5DBA498194A9D6D007C249E /* CoreLocation.framework */,
				F5A02AC119492B1900C15672 /* Foundation.framework */,
				F5A02AC319492B1900C15672 /* CoreGraphics.framework */,
				F5A02AC519492B1900C15672 /* UIKit.framework */,
				F5A02AC719492B1900C15672 /* SpriteKit.framework */,
				F5A02AE719492B1900C15672 /* XCTest.framework */,
			);
			name = Frameworks;
			sourceTree = "<group>";
		};
		F5A02AC919492B1900C15672 /* testspritekit */ = {
			isa = PBXGroup;
			children = (
				F5A02AD219492B1900C15672 /* AppDelegate.h */,
				F5A02AD319492B1900C15672 /* AppDelegate.m */,
				F5A02AD519492B1900C15672 /* Main.storyboard */,
				F5A02AD819492B1900C15672 /* ViewController.h */,
				F5A02AD919492B1900C15672 /* ViewController.m */,
				F5A02ADB19492B1900C15672 /* MyScene.h */,
				F5A02ADC19492B1900C15672 /* MyScene.m */,
				F5DBA49C194AE148007C249E /* 1402662920_519816-30_Cloud_Rain.png */,
				F5A02ADE19492B1900C15672 /* Spaceship.png */,
				F5A02AFD19492FC700C15672 /* 1402551946_128.png */,
				F5DBA49A194AC800007C249E /* 날씨우중충bg.png */,
				F5A02B01194943C600C15672 /* 빛방울.png */,
				F5A02B081949724D00C15672 /* 날씨_오브젝트.png */,
				F5A02B0319494AAF00C15672 /* 날씨bg.png */,
				F5A02AFF1949385100C15672 /* Italy-scenery-valley-mountains-sky-clouds_640x1136_iPhone_5_wallpaper.jpg */,
				F5A02AE019492B1900C15672 /* Images.xcassets */,
				F5A02ACA19492B1900C15672 /* Supporting Files */,
				F5A02B05194965D600C15672 /* MyScene2.h */,
				F5A02B06194965D600C15672 /* MyScene2.m */,
			);
			path = testspritekit;
			sourceTree = "<group>";
		};
		F5A02ACA19492B1900C15672 /* Supporting Files */ = {
			isa = PBXGroup;
			children = (
				F5A02ACB19492B1900C15672 /* testspritekit-Info.plist */,
				F5A02ACC19492B1900C15672 /* InfoPlist.strings */,
				F5A02ACF19492B1900C15672 /* main.m */,
				F5A02AD119492B1900C15672 /* testspritekit-Prefix.pch */,
			);
			name = "Supporting Files";
			sourceTree = "<group>";
		};
		F5A02AED19492B1900C15672 /* testspritekitTests */ = {
			isa = PBXGroup;
			children = (
				F5A02AF319492B1900C15672 /* testspritekitTests.m */,
				F5A02AEE19492B1900C15672 /* Supporting Files */,
			);
			path = testspritekitTests;
			sourceTree = "<group>";
		};
		F5A02AEE19492B1900C15672 /* Supporting Files */ = {
			isa = PBXGroup;
			children = (
				F5A02AEF19492B1900C15672 /* testspritekitTests-Info.plist */,
				F5A02AF019492B1900C15672 /* InfoPlist.strings */,
			);
			name = "Supporting Files";
			sourceTree = "<group>";
		};
		F5DBA493194A8D07007C249E /* Convenience */ = {
			isa = PBXGroup;
			children = (
				F5DBA494194A8D07007C249E /* AFAPIClient */,
			);
			path = Convenience;
			sourceTree = "<group>";
		};
		F5DBA494194A8D07007C249E /* AFAPIClient */ = {
			isa = PBXGroup;
			children = (
				F5DBA495194A8D07007C249E /* AFAPIClient.h */,
				F5DBA496194A8D07007C249E /* AFAPIClient.m */,
			);
			path = AFAPIClient;
			sourceTree = "<group>";
		};
/* End PBXGroup section */

/* Begin PBXNativeTarget section */
		F5A02ABD19492B1900C15672 /* testspritekit */ = {
			isa = PBXNativeTarget;
			buildConfigurationList = F5A02AF719492B1900C15672 /* Build configuration list for PBXNativeTarget "testspritekit" */;
			buildPhases = (
				F5A02ABA19492B1900C15672 /* Sources */,
				F5A02ABB19492B1900C15672 /* Frameworks */,
				F5A02ABC19492B1900C15672 /* Resources */,
			);
			buildRules = (
			);
			dependencies = (
			);
			name = testspritekit;
			productName = testspritekit;
			productReference = F5A02ABE19492B1900C15672 /* testspritekit.app */;
			productType = "com.apple.product-type.application";
		};
		F5A02AE519492B1900C15672 /* testspritekitTests */ = {
			isa = PBXNativeTarget;
			buildConfigurationList = F5A02AFA19492B1900C15672 /* Build configuration list for PBXNativeTarget "testspritekitTests" */;
			buildPhases = (
				F5A02AE219492B1900C15672 /* Sources */,
				F5A02AE319492B1900C15672 /* Frameworks */,
				F5A02AE419492B1900C15672 /* Resources */,
			);
			buildRules = (
			);
			dependencies = (
				F5A02AEC19492B1900C15672 /* PBXTargetDependency */,
			);
			name = testspritekitTests;
			productName = testspritekitTests;
			productReference = F5A02AE619492B1900C15672 /* testspritekitTests.xctest */;
			productType = "com.apple.product-type.bundle.unit-test";
		};
/* End PBXNativeTarget section */

/* Begin PBXProject section */
		F5A02AB619492B1900C15672 /* Project object */ = {
			isa = PBXProject;
			attributes = {
				LastUpgradeCheck = 0510;
				TargetAttributes = {
					F5A02ABD19492B1900C15672 = {
						DevelopmentTeam = 5M2GQ2DR6P;
					};
					F5A02AE519492B1900C15672 = {
						TestTargetID = F5A02ABD19492B1900C15672;
					};
				};
			};
			buildConfigurationList = F5A02AB919492B1900C15672 /* Build configuration list for PBXProject "testspritekit" */;
			compatibilityVersion = "Xcode 3.2";
			developmentRegion = English;
			hasScannedForEncodings = 0;
			knownRegions = (
				en,
				Base,
			);
			mainGroup = F5A02AB519492B1900C15672;
			productRefGroup = F5A02ABF19492B1900C15672 /* Products */;
			projectDirPath = "";
			projectRoot = "";
			targets = (
				F5A02ABD19492B1900C15672 /* testspritekit */,
				F5A02AE519492B1900C15672 /* testspritekitTests */,
			);
		};
/* End PBXProject section */

/* Begin PBXResourcesBuildPhase section */
		F5A02ABC19492B1900C15672 /* Resources */ = {
			isa = PBXResourcesBuildPhase;
			buildActionMask = 2147483647;
			files = (
				F5A02B0419494AAF00C15672 /* 날씨bg.png in Resources */,
				F5DBA49D194AE148007C249E /* 1402662920_519816-30_Cloud_Rain.png in Resources */,
				F5A02B001949385100C15672 /* Italy-scenery-valley-mountains-sky-clouds_640x1136_iPhone_5_wallpaper.jpg in Resources */,
				F5A02ACE19492B1900C15672 /* InfoPlist.strings in Resources */,
				F5DBA49B194AC800007C249E /* 날씨우중충bg.png in Resources */,
				F5A02AE119492B1900C15672 /* Images.xcassets in Resources */,
				F5A02ADF19492B1900C15672 /* Spaceship.png in Resources */,
				F5A02AFE19492FC700C15672 /* 1402551946_128.png in Resources */,
				F5A02B091949724D00C15672 /* 날씨_오브젝트.png in Resources */,
				F5A02AD719492B1900C15672 /* Main.storyboard in Resources */,
				F5A02B02194943C600C15672 /* 빛방울.png in Resources */,
			);
			runOnlyForDeploymentPostprocessing = 0;
		};
		F5A02AE419492B1900C15672 /* Resources */ = {
			isa = PBXResourcesBuildPhase;
			buildActionMask = 2147483647;
			files = (
				F5A02AF219492B1900C15672 /* InfoPlist.strings in Resources */,
			);
			runOnlyForDeploymentPostprocessing = 0;
		};
/* End PBXResourcesBuildPhase section */

/* Begin PBXSourcesBuildPhase section */
		F5A02ABA19492B1900C15672 /* Sources */ = {
			isa = PBXSourcesBuildPhase;
			buildActionMask = 2147483647;
			files = (
				F5526A6C194A8BF800FC5CAB /* AFURLConnectionOperation.m in Sources */,
				F5526A67194A8BF800FC5CAB /* AFHTTPRequestOperation.m in Sources */,
				F5526A6A194A8BF800FC5CAB /* AFNetworkReachabilityManager.m in Sources */,
				F5526A6F194A8BF800FC5CAB /* AFURLSessionManager.m in Sources */,
				F5526A6D194A8BF800FC5CAB /* AFURLRequestSerialization.m in Sources */,
				F5A02ADD19492B1900C15672 /* MyScene.m in Sources */,
				F5526A6E194A8BF800FC5CAB /* AFURLResponseSerialization.m in Sources */,
				F5DBA497194A8D07007C249E /* AFAPIClient.m in Sources */,
				F5A02ADA19492B1900C15672 /* ViewController.m in Sources */,
				F5A02AD419492B1900C15672 /* AppDelegate.m in Sources */,
				F5526A68194A8BF800FC5CAB /* AFHTTPRequestOperationManager.m in Sources */,
				F5526A6B194A8BF800FC5CAB /* AFSecurityPolicy.m in Sources */,
				F5A02B07194965D600C15672 /* MyScene2.m in Sources */,
				F5A02AD019492B1900C15672 /* main.m in Sources */,
				F5526A69194A8BF800FC5CAB /* AFHTTPSessionManager.m in Sources */,
			);
			runOnlyForDeploymentPostprocessing = 0;
		};
		F5A02AE219492B1900C15672 /* Sources */ = {
			isa = PBXSourcesBuildPhase;
			buildActionMask = 2147483647;
			files = (
				F5A02AF419492B1900C15672 /* testspritekitTests.m in Sources */,
			);
			runOnlyForDeploymentPostprocessing = 0;
		};
/* End PBXSourcesBuildPhase section */

/* Begin PBXTargetDependency section */
		F5A02AEC19492B1900C15672 /* PBXTargetDependency */ = {
			isa = PBXTargetDependency;
			target = F5A02ABD19492B1900C15672 /* testspritekit */;
			targetProxy = F5A02AEB19492B1900C15672 /* PBXContainerItemProxy */;
		};
/* End PBXTargetDependency section */

/* Begin PBXVariantGroup section */
		F5A02ACC19492B1900C15672 /* InfoPlist.strings */ = {
			isa = PBXVariantGroup;
			children = (
				F5A02ACD19492B1900C15672 /* en */,
			);
			name = InfoPlist.strings;
			sourceTree = "<group>";
		};
		F5A02AD519492B1900C15672 /* Main.storyboard */ = {
			isa = PBXVariantGroup;
			children = (
				F5A02AD619492B1900C15672 /* Base */,
			);
			name = Main.storyboard;
			sourceTree = "<group>";
		};
		F5A02AF019492B1900C15672 /* InfoPlist.strings */ = {
			isa = PBXVariantGroup;
			children = (
				F5A02AF119492B1900C15672 /* en */,
			);
			name = InfoPlist.strings;
			sourceTree = "<group>";
		};
/* End PBXVariantGroup section */

/* Begin XCBuildConfiguration section */
		F5A02AF519492B1900C15672 /* Debug */ = {
			isa = XCBuildConfiguration;
			buildSettings = {
				ALWAYS_SEARCH_USER_PATHS = NO;
				CLANG_CXX_LANGUAGE_STANDARD = "gnu++0x";
				CLANG_CXX_LIBRARY = "libc++";
				CLANG_ENABLE_MODULES = YES;
				CLANG_ENABLE_OBJC_ARC = YES;
				CLANG_WARN_BOOL_CONVERSION = YES;
				CLANG_WARN_CONSTANT_CONVERSION = YES;
				CLANG_WARN_DIRECT_OBJC_ISA_USAGE = YES_ERROR;
				CLANG_WARN_EMPTY_BODY = YES;
				CLANG_WARN_ENUM_CONVERSION = YES;
				CLANG_WARN_INT_CONVERSION = YES;
				CLANG_WARN_OBJC_ROOT_CLASS = YES_ERROR;
				CLANG_WARN__DUPLICATE_METHOD_MATCH = YES;
				"CODE_SIGN_IDENTITY[sdk=iphoneos*]" = "iPhone Developer";
				COPY_PHASE_STRIP = NO;
				GCC_C_LANGUAGE_STANDARD = gnu99;
				GCC_DYNAMIC_NO_PIC = NO;
				GCC_OPTIMIZATION_LEVEL = 0;
				GCC_PREPROCESSOR_DEFINITIONS = (
					"DEBUG=1",
					"$(inherited)",
				);
				GCC_SYMBOLS_PRIVATE_EXTERN = NO;
				GCC_WARN_64_TO_32_BIT_CONVERSION = YES;
				GCC_WARN_ABOUT_RETURN_TYPE = YES_ERROR;
				GCC_WARN_UNDECLARED_SELECTOR = YES;
				GCC_WARN_UNINITIALIZED_AUTOS = YES_AGGRESSIVE;
				GCC_WARN_UNUSED_FUNCTION = YES;
				GCC_WARN_UNUSED_VARIABLE = YES;
				IPHONEOS_DEPLOYMENT_TARGET = 7.1;
				ONLY_ACTIVE_ARCH = YES;
				SDKROOT = iphoneos;
			};
			name = Debug;
		};
		F5A02AF619492B1900C15672 /* Release */ = {
			isa = XCBuildConfiguration;
			buildSettings = {
				ALWAYS_SEARCH_USER_PATHS = NO;
				CLANG_CXX_LANGUAGE_STANDARD = "gnu++0x";
				CLANG_CXX_LIBRARY = "libc++";
				CLANG_ENABLE_MODULES = YES;
				CLANG_ENABLE_OBJC_ARC = YES;
				CLANG_WARN_BOOL_CONVERSION = YES;
				CLANG_WARN_CONSTANT_CONVERSION = YES;
				CLANG_WARN_DIRECT_OBJC_ISA_USAGE = YES_ERROR;
				CLANG_WARN_EMPTY_BODY = YES;
				CLANG_WARN_ENUM_CONVERSION = YES;
				CLANG_WARN_INT_CONVERSION = YES;
				CLANG_WARN_OBJC_ROOT_CLASS = YES_ERROR;
				CLANG_WARN__DUPLICATE_METHOD_MATCH = YES;
				"CODE_SIGN_IDENTITY[sdk=iphoneos*]" = "iPhone Developer";
				COPY_PHASE_STRIP = YES;
				ENABLE_NS_ASSERTIONS = NO;
				GCC_C_LANGUAGE_STANDARD = gnu99;
				GCC_WARN_64_TO_32_BIT_CONVERSION = YES;
				GCC_WARN_ABOUT_RETURN_TYPE = YES_ERROR;
				GCC_WARN_UNDECLARED_SELECTOR = YES;
				GCC_WARN_UNINITIALIZED_AUTOS = YES_AGGRESSIVE;
				GCC_WARN_UNUSED_FUNCTION = YES;
				GCC_WARN_UNUSED_VARIABLE = YES;
				IPHONEOS_DEPLOYMENT_TARGET = 7.1;
				SDKROOT = iphoneos;
				VALIDATE_PRODUCT = YES;
			};
			name = Release;
		};
		F5A02AF819492B1900C15672 /* Debug */ = {
			isa = XCBuildConfiguration;
			buildSettings = {
				ASSETCATALOG_COMPILER_APPICON_NAME = AppIcon;
				ASSETCATALOG_COMPILER_LAUNCHIMAGE_NAME = LaunchImage;
				CODE_SIGN_IDENTITY = "iPhone Developer";
				"CODE_SIGN_IDENTITY[sdk=iphoneos*]" = "iPhone Developer";
				GCC_PRECOMPILE_PREFIX_HEADER = YES;
				GCC_PREFIX_HEADER = "testspritekit/testspritekit-Prefix.pch";
				INFOPLIST_FILE = "testspritekit/testspritekit-Info.plist";
				PRODUCT_NAME = "$(TARGET_NAME)";
				PROVISIONING_PROFILE = "";
				SPRITEKIT_TEXTURE_ATLAS_OUTPUT = YES;
				WRAPPER_EXTENSION = app;
			};
			name = Debug;
		};
		F5A02AF919492B1900C15672 /* Release */ = {
			isa = XCBuildConfiguration;
			buildSettings = {
				ASSETCATALOG_COMPILER_APPICON_NAME = AppIcon;
				ASSETCATALOG_COMPILER_LAUNCHIMAGE_NAME = LaunchImage;
				CODE_SIGN_IDENTITY = "iPhone Developer";
				"CODE_SIGN_IDENTITY[sdk=iphoneos*]" = "iPhone Developer";
				GCC_PRECOMPILE_PREFIX_HEADER = YES;
				GCC_PREFIX_HEADER = "testspritekit/testspritekit-Prefix.pch";
				INFOPLIST_FILE = "testspritekit/testspritekit-Info.plist";
				PRODUCT_NAME = "$(TARGET_NAME)";
				PROVISIONING_PROFILE = "";
				SPRITEKIT_TEXTURE_ATLAS_OUTPUT = YES;
				WRAPPER_EXTENSION = app;
			};
			name = Release;
		};
		F5A02AFB19492B1900C15672 /* Debug */ = {
			isa = XCBuildConfiguration;
			buildSettings = {
				BUNDLE_LOADER = "$(BUILT_PRODUCTS_DIR)/testspritekit.app/testspritekit";
				FRAMEWORK_SEARCH_PATHS = (
					"$(SDKROOT)/Developer/Library/Frameworks",
					"$(inherited)",
					"$(DEVELOPER_FRAMEWORKS_DIR)",
				);
				GCC_PRECOMPILE_PREFIX_HEADER = YES;
				GCC_PREFIX_HEADER = "testspritekit/testspritekit-Prefix.pch";
				GCC_PREPROCESSOR_DEFINITIONS = (
					"DEBUG=1",
					"$(inherited)",
				);
				INFOPLIST_FILE = "testspritekitTests/testspritekitTests-Info.plist";
				PRODUCT_NAME = "$(TARGET_NAME)";
				TEST_HOST = "$(BUNDLE_LOADER)";
				WRAPPER_EXTENSION = xctest;
			};
			name = Debug;
		};
		F5A02AFC19492B1900C15672 /* Release */ = {
			isa = XCBuildConfiguration;
			buildSettings = {
				BUNDLE_LOADER = "$(BUILT_PRODUCTS_DIR)/testspritekit.app/testspritekit";
				FRAMEWORK_SEARCH_PATHS = (
					"$(SDKROOT)/Developer/Library/Frameworks",
					"$(inherited)",
					"$(DEVELOPER_FRAMEWORKS_DIR)",
				);
				GCC_PRECOMPILE_PREFIX_HEADER = YES;
				GCC_PREFIX_HEADER = "testspritekit/testspritekit-Prefix.pch";
				INFOPLIST_FILE = "testspritekitTests/testspritekitTests-Info.plist";
				PRODUCT_NAME = "$(TARGET_NAME)";
				TEST_HOST = "$(BUNDLE_LOADER)";
				WRAPPER_EXTENSION = xctest;
			};
			name = Release;
		};
/* End XCBuildConfiguration section */

/* Begin XCConfigurationList section */
		F5A02AB919492B1900C15672 /* Build configuration list for PBXProject "testspritekit" */ = {
			isa = XCConfigurationList;
			buildConfigurations = (
				F5A02AF519492B1900C15672 /* Debug */,
				F5A02AF619492B1900C15672 /* Release */,
			);
			defaultConfigurationIsVisible = 0;
			defaultConfigurationName = Release;
		};
		F5A02AF719492B1900C15672 /* Build configuration list for PBXNativeTarget "testspritekit" */ = {
			isa = XCConfigurationList;
			buildConfigurations = (
				F5A02AF819492B1900C15672 /* Debug */,
				F5A02AF919492B1900C15672 /* Release */,
			);
			defaultConfigurationIsVisible = 0;
			defaultConfigurationName = Release;
		};
		F5A02AFA19492B1900C15672 /* Build configuration list for PBXNativeTarget "testspritekitTests" */ = {
			isa = XCConfigurationList;
			buildConfigurations = (
				F5A02AFB19492B1900C15672 /* Debug */,
				F5A02AFC19492B1900C15672 /* Release */,
			);
			defaultConfigurationIsVisible = 0;
			defaultConfigurationName = Release;
		};
/* End XCConfigurationList section */
	};
	rootObject = F5A02AB619492B1900C15672 /* Project object */;
}
